{
  "lockfileVersion": 1,
  "configVersion": 1,
  "workspaces": {
    "": {
      "devDependencies": {
        "antlr-ng": "^1.0.10",
        "antlr4ng": "^3.0.16",
      },
    },
  },
  "packages": {
    "antlr-ng": ["antlr-ng@1.0.10", "", { "dependencies": { "antlr4ng": "3.0.16", "commander": "13.1.0", "stringtemplate4ts": "1.0.9", "unicode-properties": "1.4.1" }, "bin": { "antlr-ng": "dist/cli/runner.js", "testrig": "dist/cli/TestRig.js", "grun": "dist/cli/TestRig.js", "interpreter": "dist/cli/Interpreter.js" } }, "sha512-fw3NdsQP3dabuZrDhKAMewrBsY5KSAcMrvhWBVDmHYegv5D51pypzCYK1PpjaRVKcVeP/5xKfqJY31TvXACOdA=="],

    "antlr4ng": ["antlr4ng@3.0.16", "", {}, "sha512-DQuJkC7kX3xunfF4K2KsWTSvoxxslv+FQp/WHQZTJSsH2Ec3QfFmrxC3Nky2ok9yglXn6nHM4zUaVDxcN5f6kA=="],

    "base64-js": ["base64-js@1.5.1", "", {}, "sha512-AKpaYlHn8t4SVbOHCy+b5+KKgvR4vrsD8vbvrbiQJps7fKDTkjkDry6ji0rUJjC0kzbNePLwzxq8iypo41qeWA=="],

    "commander": ["commander@13.1.0", "", {}, "sha512-/rFeCpNJQbhSZjGVwO9RFV3xPqbnERS8MmIQzCtD/zl6gpJuV/bMLuN92oG3F7d8oDEHHRrujSXNUr8fpjntKw=="],

    "fast-printf": ["fast-printf@1.6.10", "", {}, "sha512-GwTgG9O4FVIdShhbVF3JxOgSBY2+ePGsu2V/UONgoCPzF9VY6ZdBMKsHKCYQHZwNk3qNouUolRDsgVxcVA5G1w=="],

    "he": ["he@1.2.0", "", { "bin": { "he": "bin/he" } }, "sha512-F/1DnUGPopORZi0ni+CvrCgHQ5FyEAHRLSApuYWMmrbSwoN2Mn/7k+Gl38gJnR7yyDZk6WLXwiGod1JOWNDKGw=="],

    "luxon": ["luxon@3.5.0", "", {}, "sha512-rh+Zjr6DNfUYR3bPwJEnuwDdqMbxZW7LOQfUN4B54+Cl+0o5zaU9RJ6bcidfDtC1cWCZXQ+nvX8bf6bAji37QQ=="],

    "pako": ["pako@0.2.9", "", {}, "sha512-NUcwaKxUxWrZLpDG+z/xZaCgQITkA/Dv4V/T6bw7VON6l1Xz/VnrBqrYjZQ12TamKHzITTfOEIYUj48y2KXImA=="],

    "stringtemplate4ts": ["stringtemplate4ts@1.0.9", "", { "dependencies": { "antlr4ng": "3.0.15", "fast-printf": "1.6.10", "he": "1.2.0", "luxon": "3.5.0" } }, "sha512-KYZm2bJlSjynG5Y+L46fkaKBQG6mhV6hb2RBA8dpx3/Vj6G4u7gwXNKYvaN9+QD5sj68/1srtSNDvqEso7MwsQ=="],

    "tiny-inflate": ["tiny-inflate@1.0.3", "", {}, "sha512-pkY1fj1cKHb2seWDy0B16HeWyczlJA9/WW3u3c4z/NiWDsO3DOU5D7nhTLE9CF0yXv/QZFY7sEJmj24dK+Rrqw=="],

    "unicode-properties": ["unicode-properties@1.4.1", "", { "dependencies": { "base64-js": "^1.3.0", "unicode-trie": "^2.0.0" } }, "sha512-CLjCCLQ6UuMxWnbIylkisbRj31qxHPAurvena/0iwSVbQ2G1VY5/HjV0IRabOEbDHlzZlRdCrD4NhB0JtU40Pg=="],

    "unicode-trie": ["unicode-trie@2.0.0", "", { "dependencies": { "pako": "^0.2.5", "tiny-inflate": "^1.0.0" } }, "sha512-x7bc76x0bm4prf1VLg79uhAzKw8DVboClSN5VxJuQ+LKDOVEW9CdH+VY7SP+vX7xCYQqzzgQpFqz15zeLvAtZQ=="],

    "stringtemplate4ts/antlr4ng": ["antlr4ng@3.0.15", "", {}, "sha512-VELFqTfcpGI2bj6ScMWuxM3FI6HOsojrgmnw3cCbUtsQ1DNOq32wJsjOt7vLvfIniyyuE1DIYegGcuFmn+jgyw=="],
  }
}
